
Microsoft Visual Studio Solution File, Format Version 12.00
# Visual Studio 15
Project("{FAE04EC0-301F-11D3-BF4B-00C04F79EFBC}") = "Assembly-CSharp", "Assembly-CSharp.csproj", "{D98078D8-E097-31DB-C589-10A40D40163E}"
EndProject
Project("{FAE04EC0-301F-11D3-BF4B-00C04F79EFBC}") = "Assembly-CSharp-Editor", "Assembly-CSharp-Editor.csproj", "{2CE41B70-0BB5-40FE-0DAE-0F35BFFB1055}"
EndProject
Global
	GlobalSection(SolutionConfigurationPlatforms) = preSolution
		Debug|Any CPU = Debug|Any CPU
		Release|Any CPU = Release|Any CPU
	EndGlobalSection
	GlobalSection(ProjectConfigurationPlatforms) = postSolution
		{D98078D8-E097-31DB-C589-10A40D40163E}.Debug|Any CPU.ActiveCfg = Debug|Any CPU
		{D98078D8-E097-31DB-C589-10A40D40163E}.Debug|Any CPU.Build.0 = Debug|Any CPU
		{D98078D8-E097-31DB-C589-10A40D40163E}.Release|Any CPU.ActiveCfg = Release|Any CPU
		{D98078D8-E097-31DB-C589-10A40D40163E}.Release|Any CPU.Build.0 = Release|Any CPU
		{2CE41B70-0BB5-40FE-0DAE-0F35BFFB1055}.Debug|Any CPU.ActiveCfg = Debug|Any CPU
		{2CE41B70-0BB5-40FE-0DAE-0F35BFFB1055}.Debug|Any CPU.Build.0 = Debug|Any CPU
		{2CE41B70-0BB5-40FE-0DAE-0F35BFFB1055}.Release|Any CPU.ActiveCfg = Release|Any CPU
		{2CE41B70-0BB5-40FE-0DAE-0F35BFFB1055}.Release|Any CPU.Build.0 = Release|Any CPU
	EndGlobalSection
	GlobalSection(SolutionProperties) = preSolution
		HideSolutionNode = FALSE
	EndGlobalSection
EndGlobal
